<?xml version="1.0" encoding="UTF-8"?>
<Scheme
   LastUpgradeVersion = "2700"
   version = "1.7">
   <TestAction
      buildConfiguration = "Debug"
      shouldUseLaunchSchemeArgsEnv = "YES">
      <TestPlans>
         <TestPlanReference
            reference = "container:../TestDemo/TestPlans/Default.xctestplan"
            default = "YES">
         </TestPlanReference>
         <TestPlanReference
            reference = "container:../TestDemo/TestPlans/Retrying.xctestplan">
         </TestPlanReference>
      </TestPlans>
      <Testables>
         <TestableReference
            skipped = "NO">
            <BuildableReference
               BuildableIdentifier = "primary"
               BlueprintIdentifier = "A00000000000000000000004"
               BuildableName = "DepotKitTests.xctest"
               BlueprintName = "DepotKitTests"
               ReferencedContainer = "container:SchemeDemo.xcodeproj">
            </BuildableReference>
         </TestableReference>
      </Testables>
   </TestAction>
</Scheme>
